// !$*UTF8*$!
{
	archiveVersion = 1;
	classes = {
	};
	objectVersion = 50;
	objects = {

/* Begin PBXBuildFile section */
		7B599A672431EBAE004FDCBD /* MapViewController.swift in Sources */ = {isa = PBXBuildFile; fileRef = 7B599A662431EBAE004FDCBD /* MapViewController.swift */; };
		7B7D5120242CA89500D3A415 /* AppDelegate.swift in Sources */ = {isa = PBXBuildFile; fileRef = 7B7D511F242CA89500D3A415 /* AppDelegate.swift */; };
		7B7D5122242CA89500D3A415 /* SceneDelegate.swift in Sources */ = {isa = PBXBuildFile; fileRef = 7B7D5121242CA89500D3A415 /* SceneDelegate.swift */; };
		7B7D5127242CA89500D3A415 /* Main.storyboard in Resources */ = {isa = PBXBuildFile; fileRef = 7B7D5125242CA89500D3A415 /* Main.storyboard */; };
		7B7D5129242CA89800D3A415 /* Assets.xcassets in Resources */ = {isa = PBXBuildFile; fileRef = 7B7D5128242CA89800D3A415 /* Assets.xcassets */; };
		7B7D512C242CA89800D3A415 /* LaunchScreen.storyboard in Resources */ = {isa = PBXBuildFile; fileRef = 7B7D512A242CA89800D3A415 /* LaunchScreen.storyboard */; };
		7B7D5135242CB14500D3A415 /* Logger.swift in Sources */ = {isa = PBXBuildFile; fileRef = 7B7D5134242CB14500D3A415 /* Logger.swift */; };
		7B7D5139242CD1AB00D3A415 /* LogsViewController.swift in Sources */ = {isa = PBXBuildFile; fileRef = 7B7D5138242CD1AB00D3A415 /* LogsViewController.swift */; };
		7B7D5141242CD86400D3A415 /* LocationTableViewCell.swift in Sources */ = {isa = PBXBuildFile; fileRef = 7B7D513F242CD86400D3A415 /* LocationTableViewCell.swift */; };
		7B7D5142242CD86400D3A415 /* LocationTableViewCell.xib in Resources */ = {isa = PBXBuildFile; fileRef = 7B7D5140242CD86400D3A415 /* LocationTableViewCell.xib */; };
		7B7D516E242E0F0700D3A415 /* Location.swift in Sources */ = {isa = PBXBuildFile; fileRef = 7B7D516D242E0F0700D3A415 /* Location.swift */; };
		7B7D5170242E128700D3A415 /* LocationsStorage.swift in Sources */ = {isa = PBXBuildFile; fileRef = 7B7D516F242E128700D3A415 /* LocationsStorage.swift */; };
		7B7D5175242E170100D3A415 /* Route.gpx in Resources */ = {isa = PBXBuildFile; fileRef = 7B7D5174242E170100D3A415 /* Route.gpx */; };
/* End PBXBuildFile section */

/* Begin PBXFileReference section */
		7B599A662431EBAE004FDCBD /* MapViewController.swift */ = {isa = PBXFileReference; lastKnownFileType = sourcecode.swift; path = MapViewController.swift; sourceTree = "<group>"; };
		7B7D511C242CA89500D3A415 /* 2.3 POC.app */ = {isa = PBXFileReference; explicitFileType = wrapper.application; includeInIndex = 0; path = "2.3 POC.app"; sourceTree = BUILT_PRODUCTS_DIR; };
		7B7D511F242CA89500D3A415 /* AppDelegate.swift */ = {isa = PBXFileReference; lastKnownFileType = sourcecode.swift; path = AppDelegate.swift; sourceTree = "<group>"; };
		7B7D5121242CA89500D3A415 /* SceneDelegate.swift */ = {isa = PBXFileReference; lastKnownFileType = sourcecode.swift; path = SceneDelegate.swift; sourceTree = "<group>"; };
		7B7D5126242CA89500D3A415 /* Base */ = {isa = PBXFileReference; lastKnownFileType = file.storyboard; name = Base; path = Base.lproj/Main.storyboard; sourceTree = "<group>"; };
		7B7D5128242CA89800D3A415 /* Assets.xcassets */ = {isa = PBXFileReference; lastKnownFileType = folder.assetcatalog; path = Assets.xcassets; sourceTree = "<group>"; };
		7B7D512B242CA89800D3A415 /* Base */ = {isa = PBXFileReference; lastKnownFileType = file.storyboard; name = Base; path = Base.lproj/LaunchScreen.storyboard; sourceTree = "<group>"; };
		7B7D512D242CA89800D3A415 /* Info.plist */ = {isa = PBXFileReference; lastKnownFileType = text.plist.xml; path = Info.plist; sourceTree = "<group>"; };
		7B7D5134242CB14500D3A415 /* Logger.swift */ = {isa = PBXFileReference; fileEncoding = 4; lastKnownFileType = sourcecode.swift; path = Logger.swift; sourceTree = "<group>"; };
		7B7D5138242CD1AB00D3A415 /* LogsViewController.swift */ = {isa = PBXFileReference; lastKnownFileType = sourcecode.swift; path = LogsViewController.swift; sourceTree = "<group>"; };
		7B7D513F242CD86400D3A415 /* LocationTableViewCell.swift */ = {isa = PBXFileReference; lastKnownFileType = sourcecode.swift; path = LocationTableViewCell.swift; sourceTree = "<group>"; };
		7B7D5140242CD86400D3A415 /* LocationTableViewCell.xib */ = {isa = PBXFileReference; lastKnownFileType = file.xib; path = LocationTableViewCell.xib; sourceTree = "<group>"; };
		7B7D516D242E0F0700D3A415 /* Location.swift */ = {isa = PBXFileReference; fileEncoding = 4; lastKnownFileType = sourcecode.swift; path = Location.swift; sourceTree = "<group>"; };
		7B7D516F242E128700D3A415 /* LocationsStorage.swift */ = {isa = PBXFileReference; fileEncoding = 4; lastKnownFileType = sourcecode.swift; name = LocationsStorage.swift; path = CLVisitPoc/Location/LocationsStorage.swift; sourceTree = SOURCE_ROOT; };
		7B7D5174242E170100D3A415 /* Route.gpx */ = {isa = PBXFileReference; fileEncoding = 4; lastKnownFileType = text.xml; path = Route.gpx; sourceTree = "<group>"; };
/* End PBXFileReference section */

/* Begin PBXFrameworksBuildPhase section */
		7B7D5119242CA89500D3A415 /* Frameworks */ = {
			isa = PBXFrameworksBuildPhase;
			buildActionMask = 2147483647;
			files = (
			);
			runOnlyForDeploymentPostprocessing = 0;
		};
/* End PBXFrameworksBuildPhase section */

/* Begin PBXGroup section */
		7B599A652431EB95004FDCBD /* ViewController */ = {
			isa = PBXGroup;
			children = (
				7B7D5138242CD1AB00D3A415 /* LogsViewController.swift */,
				7B599A662431EBAE004FDCBD /* MapViewController.swift */,
			);
			path = ViewController;
			sourceTree = "<group>";
		};
		7B599A682431EBBB004FDCBD /* AppDelegate */ = {
			isa = PBXGroup;
			children = (
				7B7D511F242CA89500D3A415 /* AppDelegate.swift */,
				7B7D5121242CA89500D3A415 /* SceneDelegate.swift */,
			);
			path = AppDelegate;
			sourceTree = "<group>";
		};
		7B7D5113242CA89400D3A415 = {
			isa = PBXGroup;
			children = (
				7B7D511E242CA89500D3A415 /* CLVisitPoc */,
				7B7D511D242CA89500D3A415 /* Products */,
			);
			sourceTree = "<group>";
		};
		7B7D511D242CA89500D3A415 /* Products */ = {
			isa = PBXGroup;
			children = (
				7B7D511C242CA89500D3A415 /* 2.3 POC.app */,
			);
			name = Products;
			sourceTree = "<group>";
		};
		7B7D511E242CA89500D3A415 /* CLVisitPoc */ = {
			isa = PBXGroup;
			children = (
				7B7D5174242E170100D3A415 /* Route.gpx */,
				7B599A682431EBBB004FDCBD /* AppDelegate */,
				7B599A652431EB95004FDCBD /* ViewController */,
				7B7D5171242E129E00D3A415 /* Location */,
				7B7D513E242CD85200D3A415 /* cell */,
				7B7D5125242CA89500D3A415 /* Main.storyboard */,
				7B7D5128242CA89800D3A415 /* Assets.xcassets */,
				7B7D512A242CA89800D3A415 /* LaunchScreen.storyboard */,
				7B7D512D242CA89800D3A415 /* Info.plist */,
			);
			path = CLVisitPoc;
			sourceTree = "<group>";
		};
		7B7D513E242CD85200D3A415 /* cell */ = {
			isa = PBXGroup;
			children = (
				7B7D513F242CD86400D3A415 /* LocationTableViewCell.swift */,
				7B7D5140242CD86400D3A415 /* LocationTableViewCell.xib */,
			);
			path = cell;
			sourceTree = "<group>";
		};
		7B7D5171242E129E00D3A415 /* Location */ = {
			isa = PBXGroup;
			children = (
				7B7D516D242E0F0700D3A415 /* Location.swift */,
				7B7D5134242CB14500D3A415 /* Logger.swift */,
				7B7D516F242E128700D3A415 /* LocationsStorage.swift */,
			);
			path = Location;
			sourceTree = "<group>";
		};
/* End PBXGroup section */

/* Begin PBXNativeTarget section */
		7B7D511B242CA89500D3A415 /* CLVisitPoc */ = {
			isa = PBXNativeTarget;
			buildConfigurationList = 7B7D5130242CA89800D3A415 /* Build configuration list for PBXNativeTarget "CLVisitPoc" */;
			buildPhases = (
				7B7D5118242CA89500D3A415 /* Sources */,
				7B7D5119242CA89500D3A415 /* Frameworks */,
				7B7D511A242CA89500D3A415 /* Resources */,
			);
			buildRules = (
			);
			dependencies = (
			);
			name = CLVisitPoc;
			productName = CLVisitPoc;
			productReference = 7B7D511C242CA89500D3A415 /* 2.3 POC.app */;
			productType = "com.apple.product-type.application";
		};
/* End PBXNativeTarget section */

/* Begin PBXProject section */
		7B7D5114242CA89400D3A415 /* Project object */ = {
			isa = PBXProject;
			attributes = {
				LastSwiftUpdateCheck = 1130;
				LastUpgradeCheck = 1130;
				ORGANIZATIONNAME = GeoSpark;
				TargetAttributes = {
					7B7D511B242CA89500D3A415 = {
						CreatedOnToolsVersion = 11.3.1;
					};
				};
			};
			buildConfigurationList = 7B7D5117242CA89400D3A415 /* Build configuration list for PBXProject "CLVisitPoc" */;
			compatibilityVersion = "Xcode 9.3";
			developmentRegion = en;
			hasScannedForEncodings = 0;
			knownRegions = (
				en,
				Base,
			);
			mainGroup = 7B7D5113242CA89400D3A415;
			productRefGroup = 7B7D511D242CA89500D3A415 /* Products */;
			projectDirPath = "";
			projectRoot = "";
			targets = (
				7B7D511B242CA89500D3A415 /* CLVisitPoc */,
			);
		};
/* End PBXProject section */

/* Begin PBXResourcesBuildPhase section */
		7B7D511A242CA89500D3A415 /* Resources */ = {
			isa = PBXResourcesBuildPhase;
			buildActionMask = 2147483647;
			files = (
				7B7D512C242CA89800D3A415 /* LaunchScreen.storyboard in Resources */,
				7B7D5129242CA89800D3A415 /* Assets.xcassets in Resources */,
				7B7D5175242E170100D3A415 /* Route.gpx in Resources */,
				7B7D5142242CD86400D3A415 /* LocationTableViewCell.xib in Resources */,
				7B7D5127242CA89500D3A415 /* Main.storyboard in Resources */,
			);
			runOnlyForDeploymentPostprocessing = 0;
		};
/* End PBXResourcesBuildPhase section */

/* Begin PBXSourcesBuildPhase section */
		7B7D5118242CA89500D3A415 /* Sources */ = {
			isa = PBXSourcesBuildPhase;
			buildActionMask = 2147483647;
			files = (
				7B7D5141242CD86400D3A415 /* LocationTableViewCell.swift in Sources */,
				7B7D5139242CD1AB00D3A415 /* LogsViewController.swift in Sources */,
				7B7D5120242CA89500D3A415 /* AppDelegate.swift in Sources */,
				7B7D5122242CA89500D3A415 /* SceneDelegate.swift in Sources */,
				7B7D5135242CB14500D3A415 /* Logger.swift in Sources */,
				7B7D516E242E0F0700D3A415 /* Location.swift in Sources */,
				7B7D5170242E128700D3A415 /* LocationsStorage.swift in Sources */,
				7B599A672431EBAE004FDCBD /* MapViewController.swift in Sources */,
			);
			runOnlyForDeploymentPostprocessing = 0;
		};
/* End PBXSourcesBuildPhase section */

/* Begin PBXVariantGroup section */
		7B7D5125242CA89500D3A415 /* Main.storyboard */ = {
			isa = PBXVariantGroup;
			children = (
				7B7D5126242CA89500D3A415 /* Base */,
			);
			name = Main.storyboard;
			sourceTree = "<group>";
		};
		7B7D512A242CA89800D3A415 /* LaunchScreen.storyboard */ = {
			isa = PBXVariantGroup;
			children = (
				7B7D512B242CA89800D3A415 /* Base */,
			);
			name = LaunchScreen.storyboard;
			sourceTree = "<group>";
		};
/* End PBXVariantGroup section */

/* Begin XCBuildConfiguration section */
		7B7D512E242CA89800D3A415 /* Debug */ = {
			isa = XCBuildConfiguration;
			buildSettings = {
				ALWAYS_SEARCH_USER_PATHS = NO;
				CLANG_ANALYZER_NONNULL = YES;
				CLANG_ANALYZER_NUMBER_OBJECT_CONVERSION = YES_AGGRESSIVE;
				CLANG_CXX_LANGUAGE_STANDARD = "gnu++14";
				CLANG_CXX_LIBRARY = "libc++";
				CLANG_ENABLE_MODULES = YES;
				CLANG_ENABLE_OBJC_ARC = YES;
				CLANG_ENABLE_OBJC_WEAK = YES;
				CLANG_WARN_BLOCK_CAPTURE_AUTORELEASING = YES;
				CLANG_WARN_BOOL_CONVERSION = YES;
				CLANG_WARN_COMMA = YES;
				CLANG_WARN_CONSTANT_CONVERSION = YES;
				CLANG_WARN_DEPRECATED_OBJC_IMPLEMENTATIONS = YES;
				CLANG_WARN_DIRECT_OBJC_ISA_USAGE = YES_ERROR;
				CLANG_WARN_DOCUMENTATION_COMMENTS = YES;
				CLANG_WARN_EMPTY_BODY = YES;
				CLANG_WARN_ENUM_CONVERSION = YES;
				CLANG_WARN_INFINITE_RECURSION = YES;
				CLANG_WARN_INT_CONVERSION = YES;
				CLANG_WARN_NON_LITERAL_NULL_CONVERSION = YES;
				CLANG_WARN_OBJC_IMPLICIT_RETAIN_SELF = YES;
				CLANG_WARN_OBJC_LITERAL_CONVERSION = YES;
				CLANG_WARN_OBJC_ROOT_CLASS = YES_ERROR;
				CLANG_WARN_RANGE_LOOP_ANALYSIS = YES;
				CLANG_WARN_STRICT_PROTOTYPES = YES;
				CLANG_WARN_SUSPICIOUS_MOVE = YES;
				CLANG_WARN_UNGUARDED_AVAILABILITY = YES_AGGRESSIVE;
				CLANG_WARN_UNREACHABLE_CODE = YES;
				CLANG_WARN__DUPLICATE_METHOD_MATCH = YES;
				COPY_PHASE_STRIP = NO;
				DEBUG_INFORMATION_FORMAT = dwarf;
				ENABLE_STRICT_OBJC_MSGSEND = YES;
				ENABLE_TESTABILITY = YES;
				GCC_C_LANGUAGE_STANDARD = gnu11;
				GCC_DYNAMIC_NO_PIC = NO;
				GCC_NO_COMMON_BLOCKS = YES;
				GCC_OPTIMIZATION_LEVEL = 0;
				GCC_PREPROCESSOR_DEFINITIONS = (
					"DEBUG=1",
					"$(inherited)",
				);
				GCC_WARN_64_TO_32_BIT_CONVERSION = YES;
				GCC_WARN_ABOUT_RETURN_TYPE = YES_ERROR;
				GCC_WARN_UNDECLARED_SELECTOR = YES;
				GCC_WARN_UNINITIALIZED_AUTOS = YES_AGGRESSIVE;
				GCC_WARN_UNUSED_FUNCTION = YES;
				GCC_WARN_UNUSED_VARIABLE = YES;
				IPHONEOS_DEPLOYMENT_TARGET = 13.2;
				MTL_ENABLE_DEBUG_INFO = INCLUDE_SOURCE;
				MTL_FAST_MATH = YES;
				ONLY_ACTIVE_ARCH = YES;
				SDKROOT = iphoneos;
				SWIFT_ACTIVE_COMPILATION_CONDITIONS = DEBUG;
				SWIFT_OPTIMIZATION_LEVEL = "-Onone";
			};
			name = Debug;
		};
		7B7D512F242CA89800D3A415 /* Release */ = {
			isa = XCBuildConfiguration;
			buildSettings = {
				ALWAYS_SEARCH_USER_PATHS = NO;
				CLANG_ANALYZER_NONNULL = YES;
				CLANG_ANALYZER_NUMBER_OBJECT_CONVERSION = YES_AGGRESSIVE;
				CLANG_CXX_LANGUAGE_STANDARD = "gnu++14";
				CLANG_CXX_LIBRARY = "libc++";
				CLANG_ENABLE_MODULES = YES;
				CLANG_ENABLE_OBJC_ARC = YES;
				CLANG_ENABLE_OBJC_WEAK = YES;
				CLANG_WARN_BLOCK_CAPTURE_AUTORELEASING = YES;
				CLANG_WARN_BOOL_CONVERSION = YES;
				CLANG_WARN_COMMA = YES;
				CLANG_WARN_CONSTANT_CONVERSION = YES;
				CLANG_WARN_DEPRECATED_OBJC_IMPLEMENTATIONS = YES;
				CLANG_WARN_DIRECT_OBJC_ISA_USAGE = YES_ERROR;
				CLANG_WARN_DOCUMENTATION_COMMENTS = YES;
				CLANG_WARN_EMPTY_BODY = YES;
				CLANG_WARN_ENUM_CONVERSION = YES;
				CLANG_WARN_INFINITE_RECURSION = YES;
				CLANG_WARN_INT_CONVERSION = YES;
				CLANG_WARN_NON_LITERAL_NULL_CONVERSION = YES;
				CLANG_WARN_OBJC_IMPLICIT_RETAIN_SELF = YES;
				CLANG_WARN_OBJC_LITERAL_CONVERSION = YES;
				CLANG_WARN_OBJC_ROOT_CLASS = YES_ERROR;
				CLANG_WARN_RANGE_LOOP_ANALYSIS = YES;
				CLANG_WARN_STRICT_PROTOTYPES = YES;
				CLANG_WARN_SUSPICIOUS_MOVE = YES;
				CLANG_WARN_UNGUARDED_AVAILABILITY = YES_AGGRESSIVE;
				CLANG_WARN_UNREACHABLE_CODE = YES;
				CLANG_WARN__DUPLICATE_METHOD_MATCH = YES;
				COPY_PHASE_STRIP = NO;
				DEBUG_INFORMATION_FORMAT = "dwarf-with-dsym";
				ENABLE_NS_ASSERTIONS = NO;
				ENABLE_STRICT_OBJC_MSGSEND = YES;
				GCC_C_LANGUAGE_STANDARD = gnu11;
				GCC_NO_COMMON_BLOCKS = YES;
				GCC_WARN_64_TO_32_BIT_CONVERSION = YES;
				GCC_WARN_ABOUT_RETURN_TYPE = YES_ERROR;
				GCC_WARN_UNDECLARED_SELECTOR = YES;
				GCC_WARN_UNINITIALIZED_AUTOS = YES_AGGRESSIVE;
				GCC_WARN_UNUSED_FUNCTION = YES;
				GCC_WARN_UNUSED_VARIABLE = YES;
				IPHONEOS_DEPLOYMENT_TARGET = 13.2;
				MTL_ENABLE_DEBUG_INFO = NO;
				MTL_FAST_MATH = YES;
				SDKROOT = iphoneos;
				SWIFT_COMPILATION_MODE = wholemodule;
				SWIFT_OPTIMIZATION_LEVEL = "-O";
				VALIDATE_PRODUCT = YES;
			};
			name = Release;
		};
		7B7D5131242CA89800D3A415 /* Debug */ = {
			isa = XCBuildConfiguration;
			buildSettings = {
				ASSETCATALOG_COMPILER_APPICON_NAME = AppIcon;
				CODE_SIGN_STYLE = Automatic;
				CURRENT_PROJECT_VERSION = 9;
				DEVELOPMENT_TEAM = B92BAJFGJP;
				INFOPLIST_FILE = CLVisitPoc/Info.plist;
				LD_RUNPATH_SEARCH_PATHS = (
					"$(inherited)",
					"@executable_path/Frameworks",
				);
				MARKETING_VERSION = 1.1;
				PRODUCT_BUNDLE_IDENTIFIER = com.geospark.poc1;
				PRODUCT_NAME = "2.3 POC";
				SWIFT_VERSION = 5.0;
				TARGETED_DEVICE_FAMILY = 1;
			};
			name = Debug;
		};
		7B7D5132242CA89800D3A415 /* Release */ = {
			isa = XCBuildConfiguration;
			buildSettings = {
				ASSETCATALOG_COMPILER_APPICON_NAME = AppIcon;
				CODE_SIGN_STYLE = Automatic;
				CURRENT_PROJECT_VERSION = 9;
				DEVELOPMENT_TEAM = B92BAJFGJP;
				INFOPLIST_FILE = CLVisitPoc/Info.plist;
				LD_RUNPATH_SEARCH_PATHS = (
					"$(inherited)",
					"@executable_path/Frameworks",
				);
				MARKETING_VERSION = 1.1;
				PRODUCT_BUNDLE_IDENTIFIER = com.geospark.poc1;
				PRODUCT_NAME = "2.3 POC";
				SWIFT_VERSION = 5.0;
				TARGETED_DEVICE_FAMILY = 1;
			};
			name = Release;
		};
/* End XCBuildConfiguration section */

/* Begin XCConfigurationList section */
		7B7D5117242CA89400D3A415 /* Build configuration list for PBXProject "CLVisitPoc" */ = {
			isa = XCConfigurationList;
			buildConfigurations = (
				7B7D512E242CA89800D3A415 /* Debug */,
				7B7D512F242CA89800D3A415 /* Release */,
			);
			defaultConfigurationIsVisible = 0;
			defaultConfigurationName = Release;
		};
		7B7D5130242CA89800D3A415 /* Build configuration list for PBXNativeTarget "CLVisitPoc" */ = {
			isa = XCConfigurationList;
			buildConfigurations = (
				7B7D5131242CA89800D3A415 /* Debug */,
				7B7D5132242CA89800D3A415 /* Release */,
			);
			defaultConfigurationIsVisible = 0;
			defaultConfigurationName = Release;
		};
/* End XCConfigurationList section */
	};
	rootObject = 7B7D5114242CA89400D3A415 /* Project object */;
}
